
Microsoft Visual Studio Solution File, Format Version 12.00
# Visual Studio 2013
VisualStudioVersion = 12.0.30501.0
MinimumVisualStudioVersion = 10.0.40219.1
Project("{2150E333-8FDC-42A3-9474-1A3956D46DE8}") = "1-Raxator.UI", "1-Raxator.UI", "{C6EB3A01-0FD1-4640-B5A8-32084302CA50}"
EndProject
Project("{2150E333-8FDC-42A3-9474-1A3956D46DE8}") = "2-Raxator.BLL", "2-Raxator.BLL", "{F52C633E-C550-4332-8DF8-C8BFFCCA3AFD}"
EndProject
Project("{2150E333-8FDC-42A3-9474-1A3956D46DE8}") = "3-Raxator.DAL", "3-Raxator.DAL", "{892C893D-C338-42A5-B132-51D62F2CACA3}"
EndProject
Project("{2150E333-8FDC-42A3-9474-1A3956D46DE8}") = "4-Raxator.Entidade", "4-Raxator.Entidade", "{0B5DC677-D9E4-4A8A-8ACF-1881CE7A8879}"
EndProject
Project("{2150E333-8FDC-42A3-9474-1A3956D46DE8}") = "Dados", "Dados", "{8E42D2FB-26C3-4C0F-960F-60510697412A}"
EndProject
Project("{FAE04EC0-301F-11D3-BF4B-00C04F79EFBC}") = "Raxator.UI", "Raxator.UI\Raxator.UI.csproj", "{A039B3B8-07E6-437B-A450-0844362398C4}"
EndProject
Project("{FAE04EC0-301F-11D3-BF4B-00C04F79EFBC}") = "Raxator.BLL", "Raxator.BLL\Raxator.BLL.csproj", "{896D20D3-FD2E-4E10-9B22-5BD6278E3BF9}"
EndProject
Project("{FAE04EC0-301F-11D3-BF4B-00C04F79EFBC}") = "Raxator.DAL", "Raxator.DAL\Raxator.DAL.csproj", "{84401598-4CAF-4090-A2CE-4F019D70EA51}"
EndProject
Project("{FAE04EC0-301F-11D3-BF4B-00C04F79EFBC}") = "Raxator.Entidade", "Raxator.Entidade\Raxator.Entidade.csproj", "{F58295E1-52F4-4750-A03B-38D1079AD49F}"
EndProject
Project("{2150E333-8FDC-42A3-9474-1A3956D46DE8}") = "0-Raxator.Services", "0-Raxator.Services", "{0AB89592-DF17-47BC-86A5-7A430C1C645F}"
EndProject
Project("{FAE04EC0-301F-11D3-BF4B-00C04F79EFBC}") = "Rexator.Test", "Rexator.Test\Rexator.Test.csproj", "{D994A98E-3025-4D59-B027-BDCFD3A47C7D}"
EndProject
Project("{FAE04EC0-301F-11D3-BF4B-00C04F79EFBC}") = "Raxator.Services", "Raxator.Services\Raxator.Services.csproj", "{C2106C22-2304-4FF5-87E2-75FCD6524F0A}"
EndProject
Global
	GlobalSection(SolutionConfigurationPlatforms) = preSolution
		Debug|Any CPU = Debug|Any CPU
		Release|Any CPU = Release|Any CPU
	EndGlobalSection
	GlobalSection(ProjectConfigurationPlatforms) = postSolution
		{A039B3B8-07E6-437B-A450-0844362398C4}.Debug|Any CPU.ActiveCfg = Debug|Any CPU
		{A039B3B8-07E6-437B-A450-0844362398C4}.Debug|Any CPU.Build.0 = Debug|Any CPU
		{A039B3B8-07E6-437B-A450-0844362398C4}.Release|Any CPU.ActiveCfg = Release|Any CPU
		{A039B3B8-07E6-437B-A450-0844362398C4}.Release|Any CPU.Build.0 = Release|Any CPU
		{896D20D3-FD2E-4E10-9B22-5BD6278E3BF9}.Debug|Any CPU.ActiveCfg = Debug|Any CPU
		{896D20D3-FD2E-4E10-9B22-5BD6278E3BF9}.Debug|Any CPU.Build.0 = Debug|Any CPU
		{896D20D3-FD2E-4E10-9B22-5BD6278E3BF9}.Release|Any CPU.ActiveCfg = Release|Any CPU
		{896D20D3-FD2E-4E10-9B22-5BD6278E3BF9}.Release|Any CPU.Build.0 = Release|Any CPU
		{84401598-4CAF-4090-A2CE-4F019D70EA51}.Debug|Any CPU.ActiveCfg = Debug|Any CPU
		{84401598-4CAF-4090-A2CE-4F019D70EA51}.Debug|Any CPU.Build.0 = Debug|Any CPU
		{84401598-4CAF-4090-A2CE-4F019D70EA51}.Release|Any CPU.ActiveCfg = Release|Any CPU
		{84401598-4CAF-4090-A2CE-4F019D70EA51}.Release|Any CPU.Build.0 = Release|Any CPU
		{F58295E1-52F4-4750-A03B-38D1079AD49F}.Debug|Any CPU.ActiveCfg = Debug|Any CPU
		{F58295E1-52F4-4750-A03B-38D1079AD49F}.Debug|Any CPU.Build.0 = Debug|Any CPU
		{F58295E1-52F4-4750-A03B-38D1079AD49F}.Release|Any CPU.ActiveCfg = Release|Any CPU
		{F58295E1-52F4-4750-A03B-38D1079AD49F}.Release|Any CPU.Build.0 = Release|Any CPU
		{D994A98E-3025-4D59-B027-BDCFD3A47C7D}.Debug|Any CPU.ActiveCfg = Debug|Any CPU
		{D994A98E-3025-4D59-B027-BDCFD3A47C7D}.Debug|Any CPU.Build.0 = Debug|Any CPU
		{D994A98E-3025-4D59-B027-BDCFD3A47C7D}.Release|Any CPU.ActiveCfg = Release|Any CPU
		{D994A98E-3025-4D59-B027-BDCFD3A47C7D}.Release|Any CPU.Build.0 = Release|Any CPU
		{C2106C22-2304-4FF5-87E2-75FCD6524F0A}.Debug|Any CPU.ActiveCfg = Debug|Any CPU
		{C2106C22-2304-4FF5-87E2-75FCD6524F0A}.Debug|Any CPU.Build.0 = Debug|Any CPU
		{C2106C22-2304-4FF5-87E2-75FCD6524F0A}.Release|Any CPU.ActiveCfg = Release|Any CPU
		{C2106C22-2304-4FF5-87E2-75FCD6524F0A}.Release|Any CPU.Build.0 = Release|Any CPU
	EndGlobalSection
	GlobalSection(SolutionProperties) = preSolution
		HideSolutionNode = FALSE
	EndGlobalSection
	GlobalSection(NestedProjects) = preSolution
		{A039B3B8-07E6-437B-A450-0844362398C4} = {C6EB3A01-0FD1-4640-B5A8-32084302CA50}
		{896D20D3-FD2E-4E10-9B22-5BD6278E3BF9} = {F52C633E-C550-4332-8DF8-C8BFFCCA3AFD}
		{84401598-4CAF-4090-A2CE-4F019D70EA51} = {892C893D-C338-42A5-B132-51D62F2CACA3}
		{F58295E1-52F4-4750-A03B-38D1079AD49F} = {0B5DC677-D9E4-4A8A-8ACF-1881CE7A8879}
		{D994A98E-3025-4D59-B027-BDCFD3A47C7D} = {0AB89592-DF17-47BC-86A5-7A430C1C645F}
		{C2106C22-2304-4FF5-87E2-75FCD6524F0A} = {0AB89592-DF17-47BC-86A5-7A430C1C645F}
	EndGlobalSection
EndGlobal
