
Microsoft Visual Studio Solution File, Format Version 12.00
# Visual Studio 15
VisualStudioVersion = 15.0.27004.2005
MinimumVisualStudioVersion = 10.0.40219.1
Project("{FAE04EC0-301F-11D3-BF4B-00C04F79EFBC}") = "WebApplication1", "WebApplication1\WebApplication1.csproj", "{2FC44804-19DD-467A-972F-D2145BAE167D}"
EndProject
Project("{FAE04EC0-301F-11D3-BF4B-00C04F79EFBC}") = "ImageWeb", "ImageWeb\ImageWeb.csproj", "{A4636CEA-C643-4DB2-86D9-3E82EC179DE5}"
EndProject
Global
	GlobalSection(SolutionConfigurationPlatforms) = preSolution
		Debug|Any CPU = Debug|Any CPU
		Release|Any CPU = Release|Any CPU
	EndGlobalSection
	GlobalSection(ProjectConfigurationPlatforms) = postSolution
		{2FC44804-19DD-467A-972F-D2145BAE167D}.Debug|Any CPU.ActiveCfg = Debug|Any CPU
		{2FC44804-19DD-467A-972F-D2145BAE167D}.Debug|Any CPU.Build.0 = Debug|Any CPU
		{2FC44804-19DD-467A-972F-D2145BAE167D}.Release|Any CPU.ActiveCfg = Release|Any CPU
		{2FC44804-19DD-467A-972F-D2145BAE167D}.Release|Any CPU.Build.0 = Release|Any CPU
		{A4636CEA-C643-4DB2-86D9-3E82EC179DE5}.Debug|Any CPU.ActiveCfg = Debug|Any CPU
		{A4636CEA-C643-4DB2-86D9-3E82EC179DE5}.Debug|Any CPU.Build.0 = Debug|Any CPU
		{A4636CEA-C643-4DB2-86D9-3E82EC179DE5}.Release|Any CPU.ActiveCfg = Release|Any CPU
		{A4636CEA-C643-4DB2-86D9-3E82EC179DE5}.Release|Any CPU.Build.0 = Release|Any CPU
	EndGlobalSection
	GlobalSection(SolutionProperties) = preSolution
		HideSolutionNode = FALSE
	EndGlobalSection
	GlobalSection(ExtensibilityGlobals) = postSolution
		SolutionGuid = {EB67474F-2BD0-417F-AE78-A2932F739CA3}
	EndGlobalSection
EndGlobal
